
Microsoft Visual Studio Solution File, Format Version 12.00
# Visual Studio Version 17
VisualStudioVersion = 17.2.32630.192
MinimumVisualStudioVersion = 10.0.40219.1
Project("{FAE04EC0-301F-11D3-BF4B-00C04F79EFBC}") = "Task3_ManytoManyRelation", "Task3_ManytoManyRelation\Task3_ManytoManyRelation.csproj", "{EC65DF83-CAEC-456B-84D8-DD18EB64CBC5}"
EndProject
Global
	GlobalSection(SolutionConfigurationPlatforms) = preSolution
		Debug|Any CPU = Debug|Any CPU
		Release|Any CPU = Release|Any CPU
	EndGlobalSection
	GlobalSection(ProjectConfigurationPlatforms) = postSolution
		{EC65DF83-CAEC-456B-84D8-DD18EB64CBC5}.Debug|Any CPU.ActiveCfg = Debug|Any CPU
		{EC65DF83-CAEC-456B-84D8-DD18EB64CBC5}.Debug|Any CPU.Build.0 = Debug|Any CPU
		{EC65DF83-CAEC-456B-84D8-DD18EB64CBC5}.Release|Any CPU.ActiveCfg = Release|Any CPU
		{EC65DF83-CAEC-456B-84D8-DD18EB64CBC5}.Release|Any CPU.Build.0 = Release|Any CPU
	EndGlobalSection
	GlobalSection(SolutionProperties) = preSolution
		HideSolutionNode = FALSE
	EndGlobalSection
	GlobalSection(ExtensibilityGlobals) = postSolution
		SolutionGuid = {DFDC2F0C-2308-4B28-9D5B-6571BFDAE701}
	EndGlobalSection
EndGlobal
